
Microsoft Visual Studio Solution File, Format Version 12.00
# Visual Studio Version 17
VisualStudioVersion = 17.0.31903.59
MinimumVisualStudioVersion = 10.0.40219.1
Project("{FAE04EC0-301F-11D3-BF4B-00C04F79EFBC}") = "Back", "Back\Back.csproj", "{8A0A4EE4-8A1F-40F0-87BF-1BDC5F5EB815}"
EndProject
Project("{FAE04EC0-301F-11D3-BF4B-00C04F79EFBC}") = "Shared", "Shared\Shared.csproj", "{E57E39F7-A583-4FE4-ADA3-79CB3602754D}"
EndProject
Global
	GlobalSection(SolutionConfigurationPlatforms) = preSolution
		Debug|Any CPU = Debug|Any CPU
		Release|Any CPU = Release|Any CPU
	EndGlobalSection
	GlobalSection(SolutionProperties) = preSolution
		HideSolutionNode = FALSE
	EndGlobalSection
	GlobalSection(ProjectConfigurationPlatforms) = postSolution
		{8A0A4EE4-8A1F-40F0-87BF-1BDC5F5EB815}.Debug|Any CPU.ActiveCfg = Debug|Any CPU
		{8A0A4EE4-8A1F-40F0-87BF-1BDC5F5EB815}.Debug|Any CPU.Build.0 = Debug|Any CPU
		{8A0A4EE4-8A1F-40F0-87BF-1BDC5F5EB815}.Release|Any CPU.ActiveCfg = Release|Any CPU
		{8A0A4EE4-8A1F-40F0-87BF-1BDC5F5EB815}.Release|Any CPU.Build.0 = Release|Any CPU
		{E57E39F7-A583-4FE4-ADA3-79CB3602754D}.Debug|Any CPU.ActiveCfg = Debug|Any CPU
		{E57E39F7-A583-4FE4-ADA3-79CB3602754D}.Debug|Any CPU.Build.0 = Debug|Any CPU
		{E57E39F7-A583-4FE4-ADA3-79CB3602754D}.Release|Any CPU.ActiveCfg = Release|Any CPU
		{E57E39F7-A583-4FE4-ADA3-79CB3602754D}.Release|Any CPU.Build.0 = Release|Any CPU
	EndGlobalSection
EndGlobal
